// !$*UTF8*$!
{
	archiveVersion = 1;
	classes = {
	};
	objectVersion = 48;
	objects = {

/* Begin PBXBuildFile section */
		2261ADB0201F0305007EE2D1 /* AppDelegate.swift in Sources */ = {isa = PBXBuildFile; fileRef = 2261ADAF201F0305007EE2D1 /* AppDelegate.swift */; };
		2261ADB2201F0305007EE2D1 /* ViewController.swift in Sources */ = {isa = PBXBuildFile; fileRef = 2261ADB1201F0305007EE2D1 /* ViewController.swift */; };
		2261ADB5201F0305007EE2D1 /* Main.storyboard in Resources */ = {isa = PBXBuildFile; fileRef = 2261ADB3201F0305007EE2D1 /* Main.storyboard */; };
		2261ADB7201F0305007EE2D1 /* Assets.xcassets in Resources */ = {isa = PBXBuildFile; fileRef = 2261ADB6201F0305007EE2D1 /* Assets.xcassets */; };
		2261ADBA201F0305007EE2D1 /* LaunchScreen.storyboard in Resources */ = {isa = PBXBuildFile; fileRef = 2261ADB8201F0305007EE2D1 /* LaunchScreen.storyboard */; };
		2261ADC6201F06FE007EE2D1 /* stonehenge.jpg in Resources */ = {isa = PBXBuildFile; fileRef = 2261ADC1201F06FD007EE2D1 /* stonehenge.jpg */; };
		2261ADC7201F06FE007EE2D1 /* colosseum.jpg in Resources */ = {isa = PBXBuildFile; fileRef = 2261ADC2201F06FE007EE2D1 /* colosseum.jpg */; };
		2261ADC8201F06FE007EE2D1 /* kremlin.jpg in Resources */ = {isa = PBXBuildFile; fileRef = 2261ADC3201F06FE007EE2D1 /* kremlin.jpg */; };
		2261ADC9201F06FE007EE2D1 /* great wall.jpg in Resources */ = {isa = PBXBuildFile; fileRef = 2261ADC4201F06FE007EE2D1 /* great wall.jpg */; };
		2261ADCA201F06FE007EE2D1 /* Taj mahal.jpg in Resources */ = {isa = PBXBuildFile; fileRef = 2261ADC5201F06FE007EE2D1 /* Taj mahal.jpg */; };
		2261ADCC201F0E22007EE2D1 /* Icon-App-60x60@2x.png in Resources */ = {isa = PBXBuildFile; fileRef = 2261ADCB201F0E22007EE2D1 /* Icon-App-60x60@2x.png */; };
/* End PBXBuildFile section */

/* Begin PBXFileReference section */
		2261ADAC201F0305007EE2D1 /* LandMark Image Book.app */ = {isa = PBXFileReference; explicitFileType = wrapper.application; includeInIndex = 0; path = "LandMark Image Book.app"; sourceTree = BUILT_PRODUCTS_DIR; };
		2261ADAF201F0305007EE2D1 /* AppDelegate.swift */ = {isa = PBXFileReference; lastKnownFileType = sourcecode.swift; path = AppDelegate.swift; sourceTree = "<group>"; };
		2261ADB1201F0305007EE2D1 /* ViewController.swift */ = {isa = PBXFileReference; lastKnownFileType = sourcecode.swift; path = ViewController.swift; sourceTree = "<group>"; };
		2261ADB4201F0305007EE2D1 /* Base */ = {isa = PBXFileReference; lastKnownFileType = file.storyboard; name = Base; path = Base.lproj/Main.storyboard; sourceTree = "<group>"; };
		2261ADB6201F0305007EE2D1 /* Assets.xcassets */ = {isa = PBXFileReference; lastKnownFileType = folder.assetcatalog; path = Assets.xcassets; sourceTree = "<group>"; };
		2261ADB9201F0305007EE2D1 /* Base */ = {isa = PBXFileReference; lastKnownFileType = file.storyboard; name = Base; path = Base.lproj/LaunchScreen.storyboard; sourceTree = "<group>"; };
		2261ADBB201F0305007EE2D1 /* Info.plist */ = {isa = PBXFileReference; lastKnownFileType = text.plist.xml; path = Info.plist; sourceTree = "<group>"; };
		2261ADC1201F06FD007EE2D1 /* stonehenge.jpg */ = {isa = PBXFileReference; lastKnownFileType = image.jpeg; path = stonehenge.jpg; sourceTree = "<group>"; };
		2261ADC2201F06FE007EE2D1 /* colosseum.jpg */ = {isa = PBXFileReference; lastKnownFileType = image.jpeg; path = colosseum.jpg; sourceTree = "<group>"; };
		2261ADC3201F06FE007EE2D1 /* kremlin.jpg */ = {isa = PBXFileReference; lastKnownFileType = image.jpeg; path = kremlin.jpg; sourceTree = "<group>"; };
		2261ADC4201F06FE007EE2D1 /* great wall.jpg */ = {isa = PBXFileReference; lastKnownFileType = image.jpeg; path = "great wall.jpg"; sourceTree = "<group>"; };
		2261ADC5201F06FE007EE2D1 /* Taj mahal.jpg */ = {isa = PBXFileReference; lastKnownFileType = image.jpeg; path = "Taj mahal.jpg"; sourceTree = "<group>"; };
		2261ADCB201F0E22007EE2D1 /* Icon-App-60x60@2x.png */ = {isa = PBXFileReference; lastKnownFileType = image.png; path = "Icon-App-60x60@2x.png"; sourceTree = "<group>"; };
/* End PBXFileReference section */

/* Begin PBXFrameworksBuildPhase section */
		2261ADA9201F0305007EE2D1 /* Frameworks */ = {
			isa = PBXFrameworksBuildPhase;
			buildActionMask = 2147483647;
			files = (
			);
			runOnlyForDeploymentPostprocessing = 0;
		};
/* End PBXFrameworksBuildPhase section */

/* Begin PBXGroup section */
		2261ADA3201F0305007EE2D1 = {
			isa = PBXGroup;
			children = (
				2261ADAE201F0305007EE2D1 /* LandMark Image Book */,
				2261ADAD201F0305007EE2D1 /* Products */,
			);
			sourceTree = "<group>";
		};
		2261ADAD201F0305007EE2D1 /* Products */ = {
			isa = PBXGroup;
			children = (
				2261ADAC201F0305007EE2D1 /* LandMark Image Book.app */,
			);
			name = Products;
			sourceTree = "<group>";
		};
		2261ADAE201F0305007EE2D1 /* LandMark Image Book */ = {
			isa = PBXGroup;
			children = (
				2261ADAF201F0305007EE2D1 /* AppDelegate.swift */,
				2261ADB1201F0305007EE2D1 /* ViewController.swift */,
				2261ADB3201F0305007EE2D1 /* Main.storyboard */,
				2261ADB6201F0305007EE2D1 /* Assets.xcassets */,
				2261ADB8201F0305007EE2D1 /* LaunchScreen.storyboard */,
				2261ADBB201F0305007EE2D1 /* Info.plist */,
				2261ADC2201F06FE007EE2D1 /* colosseum.jpg */,
				2261ADC4201F06FE007EE2D1 /* great wall.jpg */,
				2261ADC3201F06FE007EE2D1 /* kremlin.jpg */,
				2261ADC1201F06FD007EE2D1 /* stonehenge.jpg */,
				2261ADC5201F06FE007EE2D1 /* Taj mahal.jpg */,
				2261ADCB201F0E22007EE2D1 /* Icon-App-60x60@2x.png */,
			);
			path = "LandMark Image Book";
			sourceTree = "<group>";
		};
/* End PBXGroup section */

/* Begin PBXNativeTarget section */
		2261ADAB201F0305007EE2D1 /* LandMark Image Book */ = {
			isa = PBXNativeTarget;
			buildConfigurationList = 2261ADBE201F0305007EE2D1 /* Build configuration list for PBXNativeTarget "LandMark Image Book" */;
			buildPhases = (
				2261ADA8201F0305007EE2D1 /* Sources */,
				2261ADA9201F0305007EE2D1 /* Frameworks */,
				2261ADAA201F0305007EE2D1 /* Resources */,
			);
			buildRules = (
			);
			dependencies = (
			);
			name = "LandMark Image Book";
			productName = "LandMark Image Book";
			productReference = 2261ADAC201F0305007EE2D1 /* LandMark Image Book.app */;
			productType = "com.apple.product-type.application";
		};
/* End PBXNativeTarget section */

/* Begin PBXProject section */
		2261ADA4201F0305007EE2D1 /* Project object */ = {
			isa = PBXProject;
			attributes = {
				LastSwiftUpdateCheck = 0920;
				LastUpgradeCheck = 0920;
				ORGANIZATIONNAME = "Amber Sethi";
				TargetAttributes = {
					2261ADAB201F0305007EE2D1 = {
						CreatedOnToolsVersion = 9.2;
						ProvisioningStyle = Automatic;
					};
				};
			};
			buildConfigurationList = 2261ADA7201F0305007EE2D1 /* Build configuration list for PBXProject "LandMark Image Book" */;
			compatibilityVersion = "Xcode 8.0";
			developmentRegion = en;
			hasScannedForEncodings = 0;
			knownRegions = (
				en,
				Base,
			);
			mainGroup = 2261ADA3201F0305007EE2D1;
			productRefGroup = 2261ADAD201F0305007EE2D1 /* Products */;
			projectDirPath = "";
			projectRoot = "";
			targets = (
				2261ADAB201F0305007EE2D1 /* LandMark Image Book */,
			);
		};
/* End PBXProject section */

/* Begin PBXResourcesBuildPhase section */
		2261ADAA201F0305007EE2D1 /* Resources */ = {
			isa = PBXResourcesBuildPhase;
			buildActionMask = 2147483647;
			files = (
				2261ADCC201F0E22007EE2D1 /* Icon-App-60x60@2x.png in Resources */,
				2261ADBA201F0305007EE2D1 /* LaunchScreen.storyboard in Resources */,
				2261ADC7201F06FE007EE2D1 /* colosseum.jpg in Resources */,
				2261ADC9201F06FE007EE2D1 /* great wall.jpg in Resources */,
				2261ADC6201F06FE007EE2D1 /* stonehenge.jpg in Resources */,
				2261ADB7201F0305007EE2D1 /* Assets.xcassets in Resources */,
				2261ADC8201F06FE007EE2D1 /* kremlin.jpg in Resources */,
				2261ADCA201F06FE007EE2D1 /* Taj mahal.jpg in Resources */,
				2261ADB5201F0305007EE2D1 /* Main.storyboard in Resources */,
			);
			runOnlyForDeploymentPostprocessing = 0;
		};
/* End PBXResourcesBuildPhase section */

/* Begin PBXSourcesBuildPhase section */
		2261ADA8201F0305007EE2D1 /* Sources */ = {
			isa = PBXSourcesBuildPhase;
			buildActionMask = 2147483647;
			files = (
				2261ADB2201F0305007EE2D1 /* ViewController.swift in Sources */,
				2261ADB0201F0305007EE2D1 /* AppDelegate.swift in Sources */,
			);
			runOnlyForDeploymentPostprocessing = 0;
		};
/* End PBXSourcesBuildPhase section */

/* Begin PBXVariantGroup section */
		2261ADB3201F0305007EE2D1 /* Main.storyboard */ = {
			isa = PBXVariantGroup;
			children = (
				2261ADB4201F0305007EE2D1 /* Base */,
			);
			name = Main.storyboard;
			sourceTree = "<group>";
		};
		2261ADB8201F0305007EE2D1 /* LaunchScreen.storyboard */ = {
			isa = PBXVariantGroup;
			children = (
				2261ADB9201F0305007EE2D1 /* Base */,
			);
			name = LaunchScreen.storyboard;
			sourceTree = "<group>";
		};
/* End PBXVariantGroup section */

/* Begin XCBuildConfiguration section */
		2261ADBC201F0305007EE2D1 /* Debug */ = {
			isa = XCBuildConfiguration;
			buildSettings = {
				ALWAYS_SEARCH_USER_PATHS = NO;
				CLANG_ANALYZER_NONNULL = YES;
				CLANG_ANALYZER_NUMBER_OBJECT_CONVERSION = YES_AGGRESSIVE;
				CLANG_CXX_LANGUAGE_STANDARD = "gnu++14";
				CLANG_CXX_LIBRARY = "libc++";
				CLANG_ENABLE_MODULES = YES;
				CLANG_ENABLE_OBJC_ARC = YES;
				CLANG_WARN_BLOCK_CAPTURE_AUTORELEASING = YES;
				CLANG_WARN_BOOL_CONVERSION = YES;
				CLANG_WARN_COMMA = YES;
				CLANG_WARN_CONSTANT_CONVERSION = YES;
				CLANG_WARN_DIRECT_OBJC_ISA_USAGE = YES_ERROR;
				CLANG_WARN_DOCUMENTATION_COMMENTS = YES;
				CLANG_WARN_EMPTY_BODY = YES;
				CLANG_WARN_ENUM_CONVERSION = YES;
				CLANG_WARN_INFINITE_RECURSION = YES;
				CLANG_WARN_INT_CONVERSION = YES;
				CLANG_WARN_NON_LITERAL_NULL_CONVERSION = YES;
				CLANG_WARN_OBJC_LITERAL_CONVERSION = YES;
				CLANG_WARN_OBJC_ROOT_CLASS = YES_ERROR;
				CLANG_WARN_RANGE_LOOP_ANALYSIS = YES;
				CLANG_WARN_STRICT_PROTOTYPES = YES;
				CLANG_WARN_SUSPICIOUS_MOVE = YES;
				CLANG_WARN_UNGUARDED_AVAILABILITY = YES_AGGRESSIVE;
				CLANG_WARN_UNREACHABLE_CODE = YES;
				CLANG_WARN__DUPLICATE_METHOD_MATCH = YES;
				CODE_SIGN_IDENTITY = "iPhone Developer";
				COPY_PHASE_STRIP = NO;
				DEBUG_INFORMATION_FORMAT = dwarf;
				ENABLE_STRICT_OBJC_MSGSEND = YES;
				ENABLE_TESTABILITY = YES;
				GCC_C_LANGUAGE_STANDARD = gnu11;
				GCC_DYNAMIC_NO_PIC = NO;
				GCC_NO_COMMON_BLOCKS = YES;
				GCC_OPTIMIZATION_LEVEL = 0;
				GCC_PREPROCESSOR_DEFINITIONS = (
					"DEBUG=1",
					"$(inherited)",
				);
				GCC_WARN_64_TO_32_BIT_CONVERSION = YES;
				GCC_WARN_ABOUT_RETURN_TYPE = YES_ERROR;
				GCC_WARN_UNDECLARED_SELECTOR = YES;
				GCC_WARN_UNINITIALIZED_AUTOS = YES_AGGRESSIVE;
				GCC_WARN_UNUSED_FUNCTION = YES;
				GCC_WARN_UNUSED_VARIABLE = YES;
				IPHONEOS_DEPLOYMENT_TARGET = 11.2;
				MTL_ENABLE_DEBUG_INFO = YES;
				ONLY_ACTIVE_ARCH = YES;
				SDKROOT = iphoneos;
				SWIFT_ACTIVE_COMPILATION_CONDITIONS = DEBUG;
				SWIFT_OPTIMIZATION_LEVEL = "-Onone";
			};
			name = Debug;
		};
		2261ADBD201F0305007EE2D1 /* Release */ = {
			isa = XCBuildConfiguration;
			buildSettings = {
				ALWAYS_SEARCH_USER_PATHS = NO;
				CLANG_ANALYZER_NONNULL = YES;
				CLANG_ANALYZER_NUMBER_OBJECT_CONVERSION = YES_AGGRESSIVE;
				CLANG_CXX_LANGUAGE_STANDARD = "gnu++14";
				CLANG_CXX_LIBRARY = "libc++";
				CLANG_ENABLE_MODULES = YES;
				CLANG_ENABLE_OBJC_ARC = YES;
				CLANG_WARN_BLOCK_CAPTURE_AUTORELEASING = YES;
				CLANG_WARN_BOOL_CONVERSION = YES;
				CLANG_WARN_COMMA = YES;
				CLANG_WARN_CONSTANT_CONVERSION = YES;
				CLANG_WARN_DIRECT_OBJC_ISA_USAGE = YES_ERROR;
				CLANG_WARN_DOCUMENTATION_COMMENTS = YES;
				CLANG_WARN_EMPTY_BODY = YES;
				CLANG_WARN_ENUM_CONVERSION = YES;
				CLANG_WARN_INFINITE_RECURSION = YES;
				CLANG_WARN_INT_CONVERSION = YES;
				CLANG_WARN_NON_LITERAL_NULL_CONVERSION = YES;
				CLANG_WARN_OBJC_LITERAL_CONVERSION = YES;
				CLANG_WARN_OBJC_ROOT_CLASS = YES_ERROR;
				CLANG_WARN_RANGE_LOOP_ANALYSIS = YES;
				CLANG_WARN_STRICT_PROTOTYPES = YES;
				CLANG_WARN_SUSPICIOUS_MOVE = YES;
				CLANG_WARN_UNGUARDED_AVAILABILITY = YES_AGGRESSIVE;
				CLANG_WARN_UNREACHABLE_CODE = YES;
				CLANG_WARN__DUPLICATE_METHOD_MATCH = YES;
				CODE_SIGN_IDENTITY = "iPhone Developer";
				COPY_PHASE_STRIP = NO;
				DEBUG_INFORMATION_FORMAT = "dwarf-with-dsym";
				ENABLE_NS_ASSERTIONS = NO;
				ENABLE_STRICT_OBJC_MSGSEND = YES;
				GCC_C_LANGUAGE_STANDARD = gnu11;
				GCC_NO_COMMON_BLOCKS = YES;
				GCC_WARN_64_TO_32_BIT_CONVERSION = YES;
				GCC_WARN_ABOUT_RETURN_TYPE = YES_ERROR;
				GCC_WARN_UNDECLARED_SELECTOR = YES;
				GCC_WARN_UNINITIALIZED_AUTOS = YES_AGGRESSIVE;
				GCC_WARN_UNUSED_FUNCTION = YES;
				GCC_WARN_UNUSED_VARIABLE = YES;
				IPHONEOS_DEPLOYMENT_TARGET = 11.2;
				MTL_ENABLE_DEBUG_INFO = NO;
				SDKROOT = iphoneos;
				SWIFT_OPTIMIZATION_LEVEL = "-Owholemodule";
				VALIDATE_PRODUCT = YES;
			};
			name = Release;
		};
		2261ADBF201F0305007EE2D1 /* Debug */ = {
			isa = XCBuildConfiguration;
			buildSettings = {
				ASSETCATALOG_COMPILER_APPICON_NAME = AppIcon;
				CODE_SIGN_STYLE = Automatic;
				DEVELOPMENT_TEAM = 5MA2BQMHDQ;
				INFOPLIST_FILE = "LandMark Image Book/Info.plist";
				LD_RUNPATH_SEARCH_PATHS = "$(inherited) @executable_path/Frameworks";
				PRODUCT_BUNDLE_IDENTIFIER = "amber052829.LandMark-Image-Book";
				PRODUCT_NAME = "$(TARGET_NAME)";
				SWIFT_VERSION = 4.0;
				TARGETED_DEVICE_FAMILY = "1,2";
			};
			name = Debug;
		};
		2261ADC0201F0305007EE2D1 /* Release */ = {
			isa = XCBuildConfiguration;
			buildSettings = {
				ASSETCATALOG_COMPILER_APPICON_NAME = AppIcon;
				CODE_SIGN_STYLE = Automatic;
				DEVELOPMENT_TEAM = 5MA2BQMHDQ;
				INFOPLIST_FILE = "LandMark Image Book/Info.plist";
				LD_RUNPATH_SEARCH_PATHS = "$(inherited) @executable_path/Frameworks";
				PRODUCT_BUNDLE_IDENTIFIER = "amber052829.LandMark-Image-Book";
				PRODUCT_NAME = "$(TARGET_NAME)";
				SWIFT_VERSION = 4.0;
				TARGETED_DEVICE_FAMILY = "1,2";
			};
			name = Release;
		};
/* End XCBuildConfiguration section */

/* Begin XCConfigurationList section */
		2261ADA7201F0305007EE2D1 /* Build configuration list for PBXProject "LandMark Image Book" */ = {
			isa = XCConfigurationList;
			buildConfigurations = (
				2261ADBC201F0305007EE2D1 /* Debug */,
				2261ADBD201F0305007EE2D1 /* Release */,
			);
			defaultConfigurationIsVisible = 0;
			defaultConfigurationName = Release;
		};
		2261ADBE201F0305007EE2D1 /* Build configuration list for PBXNativeTarget "LandMark Image Book" */ = {
			isa = XCConfigurationList;
			buildConfigurations = (
				2261ADBF201F0305007EE2D1 /* Debug */,
				2261ADC0201F0305007EE2D1 /* Release */,
			);
			defaultConfigurationIsVisible = 0;
			defaultConfigurationName = Release;
		};
/* End XCConfigurationList section */
	};
	rootObject = 2261ADA4201F0305007EE2D1 /* Project object */;
}
